{
    "_readme": [
        "This file locks the dependencies of your project to a known state",
        "Read more about it at https://getcomposer.org/doc/01-basic-usage.md#installing-dependencies",
        "This file is @generated automatically"
    ],
    "content-hash": "57931225ae0bc6f5619d407ada86599d",
    "packages": [
        {
            "name": "fabiomattei/uglyduckling",
            "version": "dev-master",
            "source": {
                "type": "git",
                "url": "https://github.com/fabiomattei/uglyduckling.git",
                "reference": "7286ffd4643a2cea05533f0eaf204b468a462605"
            },
            "dist": {
                "type": "zip",
                "url": "https://api.github.com/repos/fabiomattei/uglyduckling/zipball/7286ffd4643a2cea05533f0eaf204b468a462605",
                "reference": "7286ffd4643a2cea05533f0eaf204b468a462605",
                "shasum": ""
            },
            "require": {
                "php": ">=7.4",
                "wixel/gump": "dev-master"
            },
            "require-dev": {
                "etsy/phan": "^4.0",
                "phpunit/phpunit": "^8"
            },
            "default-branch": true,
            "type": "library",
            "autoload": {
                "psr-4": {
                    "Fabiom\\UglyDuckling\\": "src/"
                }
            },
            "notification-url": "https://packagist.org/downloads/",
            "license": [
                "GPL-3.0-or-later"
            ],
            "authors": [
                {
                    "name": "Fabio Mattei",
                    "email": "burattino@gmail.com"
                }
            ],
            "description": "Framework to create web applications using json structures",
            "keywords": [
                "design",
                "software",
                "template"
            ],
            "support": {
                "issues": "https://github.com/fabiomattei/uglyduckling/issues",
                "source": "https://github.com/fabiomattei/uglyduckling/tree/master"
            },
            "time": "2023-03-16T17:33:38+00:00"
        },
        {
            "name": "wixel/gump",
            "version": "dev-master",
            "source": {
                "type": "git",
                "url": "https://github.com/Wixel/GUMP.git",
                "reference": "6ce1114cfbb301d2ab3ddf6846b92100ccf048e2"
            },
            "dist": {
                "type": "zip",
                "url": "https://api.github.com/repos/Wixel/GUMP/zipball/6ce1114cfbb301d2ab3ddf6846b92100ccf048e2",
                "reference": "6ce1114cfbb301d2ab3ddf6846b92100ccf048e2",
                "shasum": ""
            },
            "require": {
                "ext-bcmath": "*",
                "ext-iconv": "*",
                "ext-intl": "*",
                "ext-json": "*",
                "ext-mbstring": "*",
                "php": ">=7.1"
            },
            "require-dev": {
                "kamermans/docblock-reflection": "^1.0",
                "maddhatter/markdown-table": "^1.0",
                "mockery/mockery": "^1.3",
                "php-coveralls/php-coveralls": "^2.5",
                "phpspec/prophecy": "^v1.10|^v1.17",
                "phpunit/phpunit": "^6|^9"
            },
            "default-branch": true,
            "type": "library",
            "autoload": {
                "files": [
                    "gump.class.php"
                ],
                "psr-4": {
                    "GUMP\\": "src/"
                }
            },
            "notification-url": "https://packagist.org/downloads/",
            "license": [
                "MIT"
            ],
            "authors": [
                {
                    "name": "Sean Nieuwoudt",
                    "homepage": "https://wixelhq.com"
                },
                {
                    "name": "Filis Futsarov",
                    "homepage": "https://filis.me"
                }
            ],
            "description": "A fast, extensible & stand-alone PHP input validation class that allows you to validate any data.",
            "homepage": "https://wixelhq.com/",
            "keywords": [
                "validate",
                "validation",
                "validator"
            ],
            "support": {
                "issues": "https://github.com/Wixel/GUMP/issues",
                "source": "https://github.com/Wixel/GUMP/tree/master"
            },
            "time": "2023-03-02T13:40:45+00:00"
        }
    ],
    "packages-dev": [],
    "aliases": [],
    "minimum-stability": "dev",
    "stability-flags": {
        "fabiomattei/uglyduckling": 20
    },
    "prefer-stable": false,
    "prefer-lowest": false,
    "platform": [],
    "platform-dev": [],
    "platform-overrides": {
        "php": "7.4",
        "ext-gd": "2"
    },
    "plugin-api-version": "2.3.0"
}
